# Run ./gradlew --write-locks to regenerate this file
com.fasterxml.jackson.core:jackson-annotations:2.9.8 (3 constraints: b12d7e18)
com.fasterxml.jackson.core:jackson-core:2.9.8 (7 constraints: 0a893c63)
com.fasterxml.jackson.core:jackson-databind:2.9.8 (6 constraints: 657b2535)
com.fasterxml.jackson.dataformat:jackson-dataformat-cbor:2.9.8 (1 constraints: 591c3588)
com.fasterxml.jackson.datatype:jackson-datatype-guava:2.9.8 (2 constraints: 6d216f45)
com.fasterxml.jackson.datatype:jackson-datatype-jdk8:2.9.8 (2 constraints: 6d216f45)
com.fasterxml.jackson.datatype:jackson-datatype-jsr310:2.9.8 (1 constraints: 591c3588)
com.fasterxml.jackson.module:jackson-module-afterburner:2.9.8 (2 constraints: 6d216f45)
com.google.code.findbugs:jsr305:3.0.2 (2 constraints: 3317db4e)
com.google.errorprone:error_prone_annotations:2.3.2 (2 constraints: 1b1bc559)
com.google.guava:failureaccess:1.0.1 (1 constraints: 140ae1b4)
com.google.guava:guava:28.0-jre (2 constraints: 8f1cf0a5)
com.google.guava:listenablefuture:9999.0-empty-to-avoid-conflict-with-guava (1 constraints: bd17c918)
com.google.j2objc:j2objc-annotations:1.3 (1 constraints: b809eda0)
com.palantir.conjure.java.runtime:conjure-java-jackson-serialization:4.19.0 (1 constraints: 4005563b)
com.palantir.safe-logging:preconditions:1.8.2 (1 constraints: 0d050a36)
com.palantir.safe-logging:safe-logging:1.8.2 (2 constraints: 13168be8)
com.spotify.dataenum:dataenum:1.3.2 (1 constraints: 0805fb35)
com.squareup.okhttp3:okhttp:3.9.0 (1 constraints: 0e051536)
com.squareup.okio:okio:1.13.0 (1 constraints: 7f0cb509)
io.undertow:undertow-core:2.0.17.Final (1 constraints: 54072861)
javax.annotation:javax.annotation-api:1.2 (2 constraints: 2d21193d)
javax.inject:javax.inject:1 (2 constraints: d614a0ab)
javax.servlet:javax.servlet-api:3.1.0 (1 constraints: 0605fd35)
javax.validation:validation-api:1.1.0.Final (1 constraints: 13133130)
javax.ws.rs:javax.ws.rs-api:2.0.1 (4 constraints: d03794d3)
junit:junit:4.12 (1 constraints: db04ff30)
net.sf.jopt-simple:jopt-simple:4.6 (1 constraints: 610a91b7)
org.apache.commons:commons-math3:3.2 (1 constraints: 5c0a8ab7)
org.apiguardian:apiguardian-api:1.1.0 (2 constraints: 5121ba6d)
org.checkerframework:checker-qual:2.8.1 (1 constraints: 1d0afeb4)
org.codehaus.mojo:animal-sniffer-annotations:1.17 (1 constraints: ed09d8aa)
org.glassfish.hk2:hk2-api:2.4.0-b34 (5 constraints: 9d5608c7)
org.glassfish.hk2:hk2-locator:2.4.0-b34 (4 constraints: 3d490865)
org.glassfish.hk2:hk2-utils:2.4.0-b34 (2 constraints: 0719352b)
org.glassfish.hk2:osgi-resource-locator:1.0.1 (2 constraints: 79234465)
org.glassfish.hk2.external:aopalliance-repackaged:2.4.0-b34 (2 constraints: 0719352b)
org.glassfish.hk2.external:javax.inject:2.4.0-b34 (5 constraints: 9d5608c7)
org.glassfish.jersey.bundles.repackaged:jersey-guava:2.22.2 (1 constraints: 231118d4)
org.glassfish.jersey.core:jersey-client:2.22.2 (1 constraints: 3111f1d4)
org.glassfish.jersey.core:jersey-common:2.22.2 (3 constraints: 0b35085e)
org.glassfish.jersey.core:jersey-server:2.22.2 (1 constraints: 3a053b3b)
org.glassfish.jersey.media:jersey-media-jaxb:2.22.2 (1 constraints: 3111f1d4)
org.hamcrest:hamcrest-core:1.3 (1 constraints: cc05fe3f)
org.immutables:value:2.8.1 (1 constraints: 0d050e36)
org.javassist:javassist:3.18.1-GA (1 constraints: 570d4740)
org.jboss.logging:jboss-logging:3.3.2.Final (1 constraints: be0d7b30)
org.jboss.xnio:xnio-api:3.3.8.Final (2 constraints: 6f1a4d45)
org.jboss.xnio:xnio-nio:3.3.8.Final (1 constraints: c40da530)
org.junit.jupiter:junit-jupiter-api:5.5.2 (1 constraints: 0e051536)
org.junit.platform:junit-platform-commons:1.5.2 (1 constraints: 6c0f197d)
org.openjdk.jmh:jmh-core:1.21 (2 constraints: e915f7d7)
org.openjdk.jmh:jmh-generator-annprocess:1.21 (1 constraints: d804f430)
org.opentest4j:opentest4j:1.2.0 (1 constraints: 670f0e7d)
org.slf4j:slf4j-api:1.7.12 (1 constraints: 3d05433b)
