# Run ./gradlew --write-locks to regenerate this file
com.google.code.findbugs:jsr305:3.0.2 (18 constraints: 0f21793b)
com.google.errorprone:error_prone_annotations:2.10.0 (8 constraints: e2917bdb)
com.google.guava:failureaccess:1.0.1 (3 constraints: be420161)
com.google.guava:guava:31.0.1-jre (8 constraints: 49972938)
com.google.guava:listenablefuture:9999.0-empty-to-avoid-conflict-with-guava (3 constraints: b96bfc9a)
com.google.j2objc:j2objc-annotations:1.3 (3 constraints: aa41202a)
com.palantir.safe-logging:logger:1.20.0 (3 constraints: 483e276c)
com.palantir.safe-logging:logger-slf4j:1.20.0 (3 constraints: 3a47c3ad)
com.palantir.safe-logging:logger-spi:1.20.0 (4 constraints: 7757bdbf)
com.palantir.safe-logging:preconditions:1.20.0 (4 constraints: 9f5224c4)
com.palantir.safe-logging:safe-logging:1.20.0 (7 constraints: a081ec89)
com.squareup.okhttp3:okhttp:3.13.1 (3 constraints: 243e9d4c)
com.squareup.okio:okio:1.17.2 (3 constraints: a145a24e)
io.undertow:undertow-core:2.0.17.Final (1 constraints: 54072861)
jakarta.annotation:jakarta.annotation-api:1.3.5 (6 constraints: 8174ec4f)
jakarta.servlet:jakarta.servlet-api:4.0.4 (9 constraints: e4866913)
jakarta.validation:jakarta.validation-api:2.0.2 (14 constraints: 77f7dbe3)
jakarta.ws.rs:jakarta.ws.rs-api:2.1.6 (13 constraints: d9f4afc9)
net.sf.jopt-simple:jopt-simple:5.0.4 (1 constraints: be0ad6cc)
org.apache.commons:commons-math3:3.2 (1 constraints: 5c0a8ab7)
org.checkerframework:checker-qual:3.19.0 (4 constraints: 9a53139c)
org.glassfish.hk2:osgi-resource-locator:1.0.3 (4 constraints: 2b5c9860)
org.glassfish.hk2.external:jakarta.inject:2.6.1 (13 constraints: 22ea6202)
org.glassfish.jersey.core:jersey-client:2.34 (6 constraints: da881229)
org.glassfish.jersey.core:jersey-common:2.34 (13 constraints: 53ff920e)
org.glassfish.jersey.core:jersey-server:2.34 (11 constraints: 45ec6814)
org.immutables:value:2.8.8 (3 constraints: de3d11e5)
org.jboss.logging:jboss-logging:3.4.1.Final (4 constraints: 565f6980)
org.jboss.xnio:xnio-api:3.3.8.Final (2 constraints: 6f1a4d45)
org.jboss.xnio:xnio-nio:3.3.8.Final (1 constraints: c40da530)
org.openjdk.jmh:jmh-core:1.34 (2 constraints: f115c1d8)
org.openjdk.jmh:jmh-generator-annprocess:1.34 (1 constraints: dc04f930)
org.slf4j:slf4j-api:1.7.32 (28 constraints: 07b5ad50)

[Test dependencies]
ch.qos.logback:logback-access:1.2.3 (1 constraints: b41148e2)
ch.qos.logback:logback-classic:1.2.10 (6 constraints: f25133b9)
ch.qos.logback:logback-core:1.2.10 (4 constraints: fb39e438)
com.fasterxml:classmate:1.5.1 (5 constraints: 39693e1a)
com.fasterxml.jackson:jackson-bom:2.12.5 (15 constraints: 065990b7)
com.fasterxml.jackson.core:jackson-annotations:2.12.5 (19 constraints: e554a7c1)
com.fasterxml.jackson.core:jackson-core:2.12.5 (19 constraints: f095fce6)
com.fasterxml.jackson.core:jackson-databind:2.12.5 (25 constraints: 6fefaf7c)
com.fasterxml.jackson.dataformat:jackson-dataformat-cbor:2.12.5 (3 constraints: d447e962)
com.fasterxml.jackson.dataformat:jackson-dataformat-smile:2.12.5 (3 constraints: d447e962)
com.fasterxml.jackson.dataformat:jackson-dataformat-yaml:2.12.5 (3 constraints: 32257e0e)
com.fasterxml.jackson.datatype:jackson-datatype-guava:2.12.5 (5 constraints: 4965c91c)
com.fasterxml.jackson.datatype:jackson-datatype-jdk8:2.12.5 (4 constraints: 8456948a)
com.fasterxml.jackson.datatype:jackson-datatype-joda:2.12.5 (4 constraints: 8456948a)
com.fasterxml.jackson.datatype:jackson-datatype-jsr310:2.12.5 (4 constraints: 8456948a)
com.fasterxml.jackson.jaxrs:jackson-jaxrs-base:2.12.5 (4 constraints: 4c5f74ab)
com.fasterxml.jackson.jaxrs:jackson-jaxrs-json-provider:2.12.5 (3 constraints: d82bee35)
com.fasterxml.jackson.module:jackson-module-afterburner:2.12.5 (4 constraints: 8456948a)
com.fasterxml.jackson.module:jackson-module-jaxb-annotations:2.12.5 (4 constraints: 4c5f74ab)
com.fasterxml.jackson.module:jackson-module-parameter-names:2.12.5 (2 constraints: 6a1d852f)
com.github.ben-manes.caffeine:caffeine:3.0.5 (6 constraints: 19751db2)
com.google.code.findbugs:annotations:3.0.1 (1 constraints: 9e0aafc3)
com.helger:profiler:1.1.1 (1 constraints: e21053b8)
com.palantir.conjure.java.runtime:conjure-java-jackson-optimizations:7.22.0 (1 constraints: 811cb8a4)
com.palantir.conjure.java.runtime:conjure-java-jackson-serialization:7.22.0 (1 constraints: 3d05573b)
com.palantir.safe-logging:preconditions-assertj:1.20.0 (1 constraints: 3c05413b)
com.spotify.dataenum:dataenum:1.4.1 (1 constraints: 0805fd35)
io.dropwizard:dropwizard-configuration:2.0.10 (2 constraints: 2e1c3dc0)
io.dropwizard:dropwizard-core:2.0.10 (1 constraints: c20ece5f)
io.dropwizard:dropwizard-jackson:2.0.10 (8 constraints: f5786d98)
io.dropwizard:dropwizard-jersey:2.0.10 (2 constraints: 2e1c3dc0)
io.dropwizard:dropwizard-jetty:2.0.10 (2 constraints: 2e1c3dc0)
io.dropwizard:dropwizard-lifecycle:2.0.10 (3 constraints: e82a0ebe)
io.dropwizard:dropwizard-logging:2.0.10 (5 constraints: 564a6f76)
io.dropwizard:dropwizard-metrics:2.0.10 (1 constraints: 6d0d992c)
io.dropwizard:dropwizard-request-logging:2.0.10 (1 constraints: 6d0d992c)
io.dropwizard:dropwizard-servlets:2.0.10 (2 constraints: 2e1c3dc0)
io.dropwizard:dropwizard-testing:2.0.10 (1 constraints: 35052b3b)
io.dropwizard:dropwizard-util:2.0.10 (12 constraints: 3db6e12c)
io.dropwizard:dropwizard-validation:2.0.10 (8 constraints: f5786d98)
io.dropwizard.logback:logback-throttling-appender:1.1.0 (1 constraints: 7a0ece4f)
io.dropwizard.metrics:metrics-annotation:4.1.9 (3 constraints: eb2d5b17)
io.dropwizard.metrics:metrics-core:4.1.9 (16 constraints: 890b7c70)
io.dropwizard.metrics:metrics-healthchecks:4.1.9 (3 constraints: d02c5068)
io.dropwizard.metrics:metrics-jersey2:4.1.9 (1 constraints: 310e1d40)
io.dropwizard.metrics:metrics-jetty9:4.1.9 (1 constraints: 480d411f)
io.dropwizard.metrics:metrics-jmx:4.1.9 (1 constraints: 480d411f)
io.dropwizard.metrics:metrics-json:4.1.9 (1 constraints: ed106ab8)
io.dropwizard.metrics:metrics-jvm:4.1.9 (2 constraints: 341ee147)
io.dropwizard.metrics:metrics-logback:4.1.9 (1 constraints: 860ee64f)
io.dropwizard.metrics:metrics-servlets:4.1.9 (1 constraints: 480d411f)
io.zipkin.java:zipkin:1.13.1 (1 constraints: 3805333b)
jakarta.activation:jakarta.activation-api:1.2.2 (5 constraints: fd6f7cbd)
jakarta.xml.bind:jakarta.xml.bind-api:2.3.3 (5 constraints: 887a9e83)
javax.servlet:javax.servlet-api:3.1.0 (1 constraints: 830dcc28)
joda-time:joda-time:2.10.13 (4 constraints: fd5d2819)
junit:junit:4.13.2 (5 constraints: 8862875f)
net.bytebuddy:byte-buddy:1.12.4 (1 constraints: 420b3cde)
net.bytebuddy:byte-buddy-agent:1.12.4 (1 constraints: 420b3cde)
net.jcip:jcip-annotations:1.0 (1 constraints: 560ff165)
net.sourceforge.argparse4j:argparse4j:0.8.1 (2 constraints: da1b0490)
org.apache-extras.beanshell:bsh:2.0b6 (1 constraints: ac07626b)
org.apache.commons:commons-lang3:3.10 (4 constraints: 4b373a47)
org.apache.commons:commons-text:1.8 (1 constraints: b4102e9b)
org.assertj:assertj-core:3.22.0 (2 constraints: 931931de)
org.eclipse.jetty:jetty-continuation:9.4.29.v20200521 (1 constraints: d81018f8)
org.eclipse.jetty:jetty-http:9.4.29.v20200521 (4 constraints: 2b459ddb)
org.eclipse.jetty:jetty-io:9.4.29.v20200521 (6 constraints: c5611794)
org.eclipse.jetty:jetty-security:9.4.29.v20200521 (3 constraints: 4e3064e7)
org.eclipse.jetty:jetty-server:9.4.29.v20200521 (7 constraints: eb79b5b1)
org.eclipse.jetty:jetty-servlet:9.4.29.v20200521 (2 constraints: ea1f3da9)
org.eclipse.jetty:jetty-servlets:9.4.29.v20200521 (1 constraints: 39109bd7)
org.eclipse.jetty:jetty-util:9.4.29.v20200521 (8 constraints: e3842031)
org.eclipse.jetty.toolchain.setuid:jetty-setuid-java:1.0.4 (1 constraints: 3f0d2a1f)
org.glassfish:jakarta.el:3.0.3 (4 constraints: 715c9520)
org.glassfish.hk2:hk2-api:2.6.1 (4 constraints: 5153ac4e)
org.glassfish.hk2:hk2-locator:2.6.1 (3 constraints: fc48dfb6)
org.glassfish.hk2:hk2-utils:2.6.1 (4 constraints: d94f830a)
org.glassfish.hk2.external:aopalliance-repackaged:2.6.1 (4 constraints: d94f830a)
org.glassfish.jersey.containers:jersey-container-servlet:2.34 (1 constraints: fb0deb31)
org.glassfish.jersey.containers:jersey-container-servlet-core:2.34 (4 constraints: fe4d32f7)
org.glassfish.jersey.ext:jersey-bean-validation:2.34 (3 constraints: 6e458273)
org.glassfish.jersey.ext:jersey-metainf-services:2.34 (1 constraints: fb0deb31)
org.glassfish.jersey.inject:jersey-hk2:2.34 (3 constraints: 57463c04)
org.glassfish.jersey.media:jersey-media-jaxb:2.34 (1 constraints: e01957ca)
org.glassfish.jersey.test-framework:jersey-test-framework-core:2.34 (2 constraints: b131c338)
org.glassfish.jersey.test-framework.providers:jersey-test-framework-provider-inmemory:2.34 (1 constraints: 670e8342)
org.hamcrest:hamcrest:2.1 (2 constraints: 8512932d)
org.hamcrest:hamcrest-all:1.3 (1 constraints: a8041d2c)
org.hamcrest:hamcrest-core:2.1 (2 constraints: 88126e10)
org.hamcrest:hamcrest-library:2.1 (1 constraints: 1507415c)
org.hibernate.validator:hibernate-validator:6.2.0.Final (6 constraints: 8184cc36)
org.javassist:javassist:3.27.0-GA (4 constraints: c35aaa66)
org.jmock:jmock:2.12.0 (1 constraints: 3705353b)
org.jmock:jmock-testjar:2.12.0 (1 constraints: a507a272)
org.junit:junit-bom:5.8.2 (7 constraints: d67254bd)
org.junit.jupiter:junit-jupiter:5.8.2 (2 constraints: 260e7a59)
org.junit.jupiter:junit-jupiter-api:5.8.2 (5 constraints: 9b3dc79e)
org.junit.jupiter:junit-jupiter-engine:5.8.2 (2 constraints: 2117d23c)
org.junit.jupiter:junit-jupiter-params:5.8.2 (2 constraints: 2117d23c)
org.junit.platform:junit-platform-commons:1.8.2 (3 constraints: ee29ed2b)
org.junit.platform:junit-platform-engine:1.8.2 (3 constraints: 3c2ac55d)
org.junit.vintage:junit-vintage-engine:5.8.2 (2 constraints: 260e7a59)
org.mockito:mockito-core:4.2.0 (1 constraints: 08050536)
org.objenesis:objenesis:3.2 (1 constraints: b10a13bd)
org.opentest4j:opentest4j:1.2.0 (2 constraints: cd205b49)
org.ow2.asm:asm:7.1 (1 constraints: 1a07505c)
org.slf4j:jcl-over-slf4j:1.7.30 (1 constraints: b30e965e)
org.slf4j:jul-to-slf4j:1.7.30 (1 constraints: b30e965e)
org.slf4j:log4j-over-slf4j:1.7.30 (1 constraints: b30e965e)
org.yaml:snakeyaml:1.27 (1 constraints: 7217fa27)
