# Run ./gradlew --write-locks to regenerate this file
com.google.code.findbugs:jsr305:3.0.2 (16 constraints: 50e8dc30)
com.google.errorprone:error_prone_annotations:2.5.1 (6 constraints: ab58734d)
com.google.guava:failureaccess:1.0.1 (1 constraints: 140ae1b4)
com.google.guava:guava:28.2-jre (6 constraints: 5d5b5723)
com.google.guava:listenablefuture:9999.0-empty-to-avoid-conflict-with-guava (1 constraints: bd17c918)
com.google.j2objc:j2objc-annotations:1.3 (1 constraints: b809eda0)
com.palantir.safe-logging:logger:1.18.0 (1 constraints: 3c05413b)
com.palantir.safe-logging:logger-slf4j:1.18.0 (1 constraints: 350e9350)
com.palantir.safe-logging:logger-spi:1.18.0 (2 constraints: 791e0cb1)
com.palantir.safe-logging:preconditions:1.18.0 (3 constraints: 19364d74)
com.palantir.safe-logging:safe-logging:1.18.0 (5 constraints: b0485624)
com.squareup.okhttp3:okhttp:3.9.0 (1 constraints: 0e051536)
com.squareup.okio:okio:1.13.0 (1 constraints: 7f0cb509)
io.undertow:undertow-core:2.0.17.Final (1 constraints: 54072861)
jakarta.annotation:jakarta.annotation-api:1.3.5 (4 constraints: c93b8593)
jakarta.servlet:jakarta.servlet-api:4.0.4 (9 constraints: e4866913)
jakarta.validation:jakarta.validation-api:2.0.2 (12 constraints: c9bea393)
jakarta.ws.rs:jakarta.ws.rs-api:2.1.6 (11 constraints: 21bc0ae5)
net.sf.jopt-simple:jopt-simple:4.6 (1 constraints: 610a91b7)
org.apache.commons:commons-math3:3.2 (1 constraints: 5c0a8ab7)
org.checkerframework:checker-qual:3.4.0 (2 constraints: 411a465e)
org.glassfish.hk2:osgi-resource-locator:1.0.3 (2 constraints: 7d23b265)
org.glassfish.hk2.external:jakarta.inject:2.6.1 (11 constraints: 6ab14a97)
org.glassfish.jersey.core:jersey-client:2.31 (4 constraints: 78509cb2)
org.glassfish.jersey.core:jersey-common:2.31 (11 constraints: dfc64234)
org.glassfish.jersey.core:jersey-server:2.31 (9 constraints: dab3c81c)
org.glassfish.jersey.media:jersey-media-jaxb:2.31 (1 constraints: d110c2b2)
org.immutables:value:2.8.8 (1 constraints: 14051536)
org.jboss.logging:jboss-logging:3.3.2.Final (2 constraints: 7022d9d6)
org.jboss.xnio:xnio-api:3.3.8.Final (2 constraints: 6f1a4d45)
org.jboss.xnio:xnio-nio:3.3.8.Final (1 constraints: c40da530)
org.openjdk.jmh:jmh-core:1.33 (2 constraints: ef158fd8)
org.openjdk.jmh:jmh-generator-annprocess:1.33 (1 constraints: db04f830)
org.slf4j:slf4j-api:1.7.32 (26 constraints: e77b6078)

[Test dependencies]
ch.qos.logback:logback-access:1.2.3 (1 constraints: b41148e2)
ch.qos.logback:logback-classic:1.2.6 (6 constraints: c751ba8f)
ch.qos.logback:logback-core:1.2.6 (4 constraints: d0390010)
com.fasterxml:classmate:1.5.1 (3 constraints: 8630e25a)
com.fasterxml.jackson:jackson-bom:2.12.3 (13 constraints: d21fde18)
com.fasterxml.jackson.core:jackson-annotations:2.12.3 (17 constraints: c11b6b42)
com.fasterxml.jackson.core:jackson-core:2.12.3 (17 constraints: bc5c1da5)
com.fasterxml.jackson.core:jackson-databind:2.12.3 (25 constraints: 53ef3f17)
com.fasterxml.jackson.dataformat:jackson-dataformat-cbor:2.12.3 (2 constraints: 352b4987)
com.fasterxml.jackson.dataformat:jackson-dataformat-smile:2.12.3 (2 constraints: 352b4987)
com.fasterxml.jackson.dataformat:jackson-dataformat-yaml:2.12.3 (3 constraints: 30251c0e)
com.fasterxml.jackson.datatype:jackson-datatype-guava:2.12.3 (4 constraints: aa4867dc)
com.fasterxml.jackson.datatype:jackson-datatype-jdk8:2.12.3 (3 constraints: e53993fc)
com.fasterxml.jackson.datatype:jackson-datatype-joda:2.12.3 (3 constraints: e53993fc)
com.fasterxml.jackson.datatype:jackson-datatype-jsr310:2.12.3 (3 constraints: e53993fc)
com.fasterxml.jackson.jaxrs:jackson-jaxrs-base:2.12.3 (2 constraints: 2e26b860)
com.fasterxml.jackson.jaxrs:jackson-jaxrs-json-provider:2.12.3 (3 constraints: d62b4635)
com.fasterxml.jackson.module:jackson-module-afterburner:2.12.3 (3 constraints: 013a3503)
com.fasterxml.jackson.module:jackson-module-jaxb-annotations:2.12.3 (2 constraints: 2e26b860)
com.fasterxml.jackson.module:jackson-module-parameter-names:2.12.3 (2 constraints: 681d2f2f)
com.github.ben-manes.caffeine:caffeine:2.8.4 (4 constraints: 633c8aa1)
com.google.code.findbugs:annotations:3.0.1 (1 constraints: 9e0aafc3)
com.helger:profiler:1.1.1 (1 constraints: e21053b8)
com.palantir.conjure.java.runtime:conjure-java-jackson-optimizations:7.11.0 (1 constraints: 7f1cb1a4)
com.palantir.conjure.java.runtime:conjure-java-jackson-serialization:7.11.0 (1 constraints: 3b05503b)
com.palantir.safe-logging:preconditions-assertj:1.18.0 (1 constraints: 3c05413b)
com.spotify.dataenum:dataenum:1.4.1 (1 constraints: 0805fd35)
io.dropwizard:dropwizard-configuration:2.0.10 (2 constraints: 2e1c3dc0)
io.dropwizard:dropwizard-core:2.0.10 (1 constraints: c20ece5f)
io.dropwizard:dropwizard-jackson:2.0.10 (8 constraints: f5786d98)
io.dropwizard:dropwizard-jersey:2.0.10 (2 constraints: 2e1c3dc0)
io.dropwizard:dropwizard-jetty:2.0.10 (2 constraints: 2e1c3dc0)
io.dropwizard:dropwizard-lifecycle:2.0.10 (3 constraints: e82a0ebe)
io.dropwizard:dropwizard-logging:2.0.10 (5 constraints: 564a6f76)
io.dropwizard:dropwizard-metrics:2.0.10 (1 constraints: 6d0d992c)
io.dropwizard:dropwizard-request-logging:2.0.10 (1 constraints: 6d0d992c)
io.dropwizard:dropwizard-servlets:2.0.10 (2 constraints: 2e1c3dc0)
io.dropwizard:dropwizard-testing:2.0.10 (1 constraints: 35052b3b)
io.dropwizard:dropwizard-util:2.0.10 (12 constraints: 3db6e12c)
io.dropwizard:dropwizard-validation:2.0.10 (8 constraints: f5786d98)
io.dropwizard.logback:logback-throttling-appender:1.1.0 (1 constraints: 7a0ece4f)
io.dropwizard.metrics:metrics-annotation:4.1.9 (3 constraints: eb2d5b17)
io.dropwizard.metrics:metrics-core:4.1.9 (14 constraints: bed295ec)
io.dropwizard.metrics:metrics-healthchecks:4.1.9 (3 constraints: d02c5068)
io.dropwizard.metrics:metrics-jersey2:4.1.9 (1 constraints: 310e1d40)
io.dropwizard.metrics:metrics-jetty9:4.1.9 (1 constraints: 480d411f)
io.dropwizard.metrics:metrics-jmx:4.1.9 (1 constraints: 480d411f)
io.dropwizard.metrics:metrics-json:4.1.9 (1 constraints: ed106ab8)
io.dropwizard.metrics:metrics-jvm:4.1.9 (2 constraints: 341ee147)
io.dropwizard.metrics:metrics-logback:4.1.9 (1 constraints: 860ee64f)
io.dropwizard.metrics:metrics-servlets:4.1.9 (1 constraints: 480d411f)
io.zipkin.java:zipkin:1.13.1 (1 constraints: 3805333b)
jakarta.activation:jakarta.activation-api:1.2.2 (3 constraints: 4d37e9b5)
jakarta.xml.bind:jakarta.xml.bind-api:2.3.3 (2 constraints: c6277400)
javax.servlet:javax.servlet-api:3.1.0 (1 constraints: 830dcc28)
joda-time:joda-time:2.10.8 (2 constraints: 892485cd)
junit:junit:4.13.2 (5 constraints: 5e668a76)
net.bytebuddy:byte-buddy:1.11.13 (1 constraints: 710ba7e9)
net.bytebuddy:byte-buddy-agent:1.11.13 (1 constraints: 710ba7e9)
net.jcip:jcip-annotations:1.0 (1 constraints: 560ff165)
net.sourceforge.argparse4j:argparse4j:0.8.1 (2 constraints: da1b0490)
org.apache-extras.beanshell:bsh:2.0b6 (1 constraints: ac07626b)
org.apache.commons:commons-lang3:3.10 (4 constraints: 4b373a47)
org.apache.commons:commons-text:1.8 (1 constraints: b4102e9b)
org.assertj:assertj-core:3.20.2 (2 constraints: 94192cde)
org.eclipse.jetty:jetty-continuation:9.4.29.v20200521 (1 constraints: d81018f8)
org.eclipse.jetty:jetty-http:9.4.29.v20200521 (4 constraints: 2b459ddb)
org.eclipse.jetty:jetty-io:9.4.29.v20200521 (6 constraints: c5611794)
org.eclipse.jetty:jetty-security:9.4.29.v20200521 (3 constraints: 4e3064e7)
org.eclipse.jetty:jetty-server:9.4.29.v20200521 (7 constraints: eb79b5b1)
org.eclipse.jetty:jetty-servlet:9.4.29.v20200521 (2 constraints: ea1f3da9)
org.eclipse.jetty:jetty-servlets:9.4.29.v20200521 (1 constraints: 39109bd7)
org.eclipse.jetty:jetty-util:9.4.29.v20200521 (8 constraints: e3842031)
org.eclipse.jetty.toolchain.setuid:jetty-setuid-java:1.0.4 (1 constraints: 3f0d2a1f)
org.glassfish:jakarta.el:3.0.3 (2 constraints: bf231f5c)
org.glassfish.hk2:hk2-api:2.6.1 (2 constraints: 991afc66)
org.glassfish.hk2:hk2-locator:2.6.1 (1 constraints: 4410e0ad)
org.glassfish.hk2:hk2-utils:2.6.1 (2 constraints: 21173277)
org.glassfish.hk2.external:aopalliance-repackaged:2.6.1 (2 constraints: 21173277)
org.glassfish.jersey.containers:jersey-container-servlet:2.31 (1 constraints: fb0deb31)
org.glassfish.jersey.containers:jersey-container-servlet-core:2.31 (4 constraints: f84d5af6)
org.glassfish.jersey.ext:jersey-bean-validation:2.31 (1 constraints: 120df811)
org.glassfish.jersey.ext:jersey-metainf-services:2.31 (1 constraints: fb0deb31)
org.glassfish.jersey.inject:jersey-hk2:2.31 (1 constraints: fb0deb31)
org.glassfish.jersey.test-framework:jersey-test-framework-core:2.31 (2 constraints: ae31c038)
org.glassfish.jersey.test-framework.providers:jersey-test-framework-provider-inmemory:2.31 (1 constraints: 670e8342)
org.hamcrest:hamcrest:2.1 (2 constraints: 8512932d)
org.hamcrest:hamcrest-all:1.3 (1 constraints: a8041d2c)
org.hamcrest:hamcrest-core:2.1 (2 constraints: 88126e10)
org.hamcrest:hamcrest-library:2.1 (1 constraints: 1507415c)
org.hibernate.validator:hibernate-validator:6.1.5.Final (4 constraints: 9b4747ce)
org.javassist:javassist:3.27.0-GA (2 constraints: 3d20076d)
org.jmock:jmock:2.12.0 (1 constraints: 3705353b)
org.jmock:jmock-testjar:2.12.0 (1 constraints: a507a272)
org.junit:junit-bom:5.8.0 (7 constraints: c8726ab5)
org.junit.jupiter:junit-jupiter:5.8.0 (2 constraints: 220e3e59)
org.junit.jupiter:junit-jupiter-api:5.8.0 (5 constraints: 913d539b)
org.junit.jupiter:junit-jupiter-engine:5.8.0 (2 constraints: 1d177e3c)
org.junit.jupiter:junit-jupiter-params:5.8.0 (2 constraints: 1d177e3c)
org.junit.platform:junit-platform-commons:1.8.0 (3 constraints: e829cb2a)
org.junit.platform:junit-platform-engine:1.8.0 (3 constraints: 362aa55c)
org.junit.vintage:junit-vintage-engine:5.8.0 (2 constraints: 220e3e59)
org.mockito:mockito-core:3.12.4 (1 constraints: 3c053f3b)
org.objenesis:objenesis:3.2 (1 constraints: b10a13bd)
org.opentest4j:opentest4j:1.2.0 (2 constraints: cd205b49)
org.ow2.asm:asm:7.1 (1 constraints: 1a07505c)
org.slf4j:jcl-over-slf4j:1.7.30 (1 constraints: b30e965e)
org.slf4j:jul-to-slf4j:1.7.30 (1 constraints: b30e965e)
org.slf4j:log4j-over-slf4j:1.7.30 (1 constraints: b30e965e)
org.yaml:snakeyaml:1.27 (1 constraints: 7217fa27)
